
Microsoft Visual Studio Solution File, Format Version 12.00
# Visual Studio Version 17
VisualStudioVersion = 17.4.33213.308
MinimumVisualStudioVersion = 10.0.40219.1
Project("{9A19103F-16F7-4668-BE54-9A1E7A4F7556}") = "BulkyBookWeb", "BulkyBookWeb\BulkyBookWeb.csproj", "{AD008D02-5042-47E3-B3BF-08F68ED0A859}"
EndProject
Project("{FAE04EC0-301F-11D3-BF4B-00C04F79EFBC}") = "ProductManagement.Test.Unit", "ProductManagement.Test.Unit\ProductManagement.Test.Unit.csproj", "{921835E7-6040-4D15-BE5A-DE119894DA15}"
EndProject
Global
	GlobalSection(SolutionConfigurationPlatforms) = preSolution
		Debug|Any CPU = Debug|Any CPU
		Release|Any CPU = Release|Any CPU
	EndGlobalSection
	GlobalSection(ProjectConfigurationPlatforms) = postSolution
		{AD008D02-5042-47E3-B3BF-08F68ED0A859}.Debug|Any CPU.ActiveCfg = Debug|Any CPU
		{AD008D02-5042-47E3-B3BF-08F68ED0A859}.Debug|Any CPU.Build.0 = Debug|Any CPU
		{AD008D02-5042-47E3-B3BF-08F68ED0A859}.Release|Any CPU.ActiveCfg = Release|Any CPU
		{AD008D02-5042-47E3-B3BF-08F68ED0A859}.Release|Any CPU.Build.0 = Release|Any CPU
		{921835E7-6040-4D15-BE5A-DE119894DA15}.Debug|Any CPU.ActiveCfg = Debug|Any CPU
		{921835E7-6040-4D15-BE5A-DE119894DA15}.Debug|Any CPU.Build.0 = Debug|Any CPU
		{921835E7-6040-4D15-BE5A-DE119894DA15}.Release|Any CPU.ActiveCfg = Release|Any CPU
		{921835E7-6040-4D15-BE5A-DE119894DA15}.Release|Any CPU.Build.0 = Release|Any CPU
	EndGlobalSection
	GlobalSection(SolutionProperties) = preSolution
		HideSolutionNode = FALSE
	EndGlobalSection
	GlobalSection(ExtensibilityGlobals) = postSolution
		SolutionGuid = {755E69CA-AB86-49A7-95FC-6078AB9651FD}
	EndGlobalSection
EndGlobal
